// !$*UTF8*$!
{
	archiveVersion = 1;
	classes = {
	};
	objectVersion = 48;
	objects = {

/* Begin PBXBuildFile section */
		81877B811FF6D2BF00433D59 /* AppDelegate.swift in Sources */ = {isa = PBXBuildFile; fileRef = 81877B801FF6D2BF00433D59 /* AppDelegate.swift */; };
		81877B831FF6D2BF00433D59 /* ToDoListViewController.swift in Sources */ = {isa = PBXBuildFile; fileRef = 81877B821FF6D2BF00433D59 /* ToDoListViewController.swift */; };
		81877B861FF6D2BF00433D59 /* Main.storyboard in Resources */ = {isa = PBXBuildFile; fileRef = 81877B841FF6D2BF00433D59 /* Main.storyboard */; };
		81877B881FF6D2BF00433D59 /* Assets.xcassets in Resources */ = {isa = PBXBuildFile; fileRef = 81877B871FF6D2BF00433D59 /* Assets.xcassets */; };
		81877B8B1FF6D2BF00433D59 /* LaunchScreen.storyboard in Resources */ = {isa = PBXBuildFile; fileRef = 81877B891FF6D2BF00433D59 /* LaunchScreen.storyboard */; };
		81877B971FF7B6ED00433D59 /* Item.swift in Sources */ = {isa = PBXBuildFile; fileRef = 81877B961FF7B6ED00433D59 /* Item.swift */; };
/* End PBXBuildFile section */

/* Begin PBXFileReference section */
		81877B7D1FF6D2BF00433D59 /* Todoey.app */ = {isa = PBXFileReference; explicitFileType = wrapper.application; includeInIndex = 0; path = Todoey.app; sourceTree = BUILT_PRODUCTS_DIR; };
		81877B801FF6D2BF00433D59 /* AppDelegate.swift */ = {isa = PBXFileReference; lastKnownFileType = sourcecode.swift; path = AppDelegate.swift; sourceTree = "<group>"; };
		81877B821FF6D2BF00433D59 /* ToDoListViewController.swift */ = {isa = PBXFileReference; lastKnownFileType = sourcecode.swift; path = ToDoListViewController.swift; sourceTree = "<group>"; };
		81877B851FF6D2BF00433D59 /* Base */ = {isa = PBXFileReference; lastKnownFileType = file.storyboard; name = Base; path = Base.lproj/Main.storyboard; sourceTree = "<group>"; };
		81877B871FF6D2BF00433D59 /* Assets.xcassets */ = {isa = PBXFileReference; lastKnownFileType = folder.assetcatalog; path = Assets.xcassets; sourceTree = "<group>"; };
		81877B8A1FF6D2BF00433D59 /* Base */ = {isa = PBXFileReference; lastKnownFileType = file.storyboard; name = Base; path = Base.lproj/LaunchScreen.storyboard; sourceTree = "<group>"; };
		81877B8C1FF6D2BF00433D59 /* Info.plist */ = {isa = PBXFileReference; lastKnownFileType = text.plist.xml; path = Info.plist; sourceTree = "<group>"; };
		81877B961FF7B6ED00433D59 /* Item.swift */ = {isa = PBXFileReference; lastKnownFileType = sourcecode.swift; path = Item.swift; sourceTree = "<group>"; };
/* End PBXFileReference section */

/* Begin PBXFrameworksBuildPhase section */
		81877B7A1FF6D2BF00433D59 /* Frameworks */ = {
			isa = PBXFrameworksBuildPhase;
			buildActionMask = 2147483647;
			files = (
			);
			runOnlyForDeploymentPostprocessing = 0;
		};
/* End PBXFrameworksBuildPhase section */

/* Begin PBXGroup section */
		81877B741FF6D2BF00433D59 = {
			isa = PBXGroup;
			children = (
				81877B7F1FF6D2BF00433D59 /* Todoey */,
				81877B7E1FF6D2BF00433D59 /* Products */,
			);
			sourceTree = "<group>";
		};
		81877B7E1FF6D2BF00433D59 /* Products */ = {
			isa = PBXGroup;
			children = (
				81877B7D1FF6D2BF00433D59 /* Todoey.app */,
			);
			name = Products;
			sourceTree = "<group>";
		};
		81877B7F1FF6D2BF00433D59 /* Todoey */ = {
			isa = PBXGroup;
			children = (
				81877B941FF7B66600433D59 /* Views */,
				81877B931FF7B63B00433D59 /* Data Model */,
				81877B921FF7B62300433D59 /* Controllers */,
				81877B951FF7B68200433D59 /* Supporting Files */,
				81877B8C1FF6D2BF00433D59 /* Info.plist */,
			);
			path = Todoey;
			sourceTree = "<group>";
		};
		81877B921FF7B62300433D59 /* Controllers */ = {
			isa = PBXGroup;
			children = (
				81877B801FF6D2BF00433D59 /* AppDelegate.swift */,
				81877B821FF6D2BF00433D59 /* ToDoListViewController.swift */,
			);
			path = Controllers;
			sourceTree = "<group>";
		};
		81877B931FF7B63B00433D59 /* Data Model */ = {
			isa = PBXGroup;
			children = (
				81877B961FF7B6ED00433D59 /* Item.swift */,
			);
			path = "Data Model";
			sourceTree = "<group>";
		};
		81877B941FF7B66600433D59 /* Views */ = {
			isa = PBXGroup;
			children = (
				81877B841FF6D2BF00433D59 /* Main.storyboard */,
				81877B891FF6D2BF00433D59 /* LaunchScreen.storyboard */,
			);
			path = Views;
			sourceTree = "<group>";
		};
		81877B951FF7B68200433D59 /* Supporting Files */ = {
			isa = PBXGroup;
			children = (
				81877B871FF6D2BF00433D59 /* Assets.xcassets */,
			);
			path = "Supporting Files";
			sourceTree = "<group>";
		};
/* End PBXGroup section */

/* Begin PBXNativeTarget section */
		81877B7C1FF6D2BF00433D59 /* Todoey */ = {
			isa = PBXNativeTarget;
			buildConfigurationList = 81877B8F1FF6D2BF00433D59 /* Build configuration list for PBXNativeTarget "Todoey" */;
			buildPhases = (
				81877B791FF6D2BF00433D59 /* Sources */,
				81877B7A1FF6D2BF00433D59 /* Frameworks */,
				81877B7B1FF6D2BF00433D59 /* Resources */,
			);
			buildRules = (
			);
			dependencies = (
			);
			name = Todoey;
			productName = Todoey;
			productReference = 81877B7D1FF6D2BF00433D59 /* Todoey.app */;
			productType = "com.apple.product-type.application";
		};
/* End PBXNativeTarget section */

/* Begin PBXProject section */
		81877B751FF6D2BF00433D59 /* Project object */ = {
			isa = PBXProject;
			attributes = {
				LastSwiftUpdateCheck = 0920;
				LastUpgradeCheck = 0920;
				ORGANIZATIONNAME = "Luca Spagnolo";
				TargetAttributes = {
					81877B7C1FF6D2BF00433D59 = {
						CreatedOnToolsVersion = 9.2;
						ProvisioningStyle = Automatic;
					};
				};
			};
			buildConfigurationList = 81877B781FF6D2BF00433D59 /* Build configuration list for PBXProject "Todoey" */;
			compatibilityVersion = "Xcode 8.0";
			developmentRegion = en;
			hasScannedForEncodings = 0;
			knownRegions = (
				en,
				Base,
			);
			mainGroup = 81877B741FF6D2BF00433D59;
			productRefGroup = 81877B7E1FF6D2BF00433D59 /* Products */;
			projectDirPath = "";
			projectRoot = "";
			targets = (
				81877B7C1FF6D2BF00433D59 /* Todoey */,
			);
		};
/* End PBXProject section */

/* Begin PBXResourcesBuildPhase section */
		81877B7B1FF6D2BF00433D59 /* Resources */ = {
			isa = PBXResourcesBuildPhase;
			buildActionMask = 2147483647;
			files = (
				81877B8B1FF6D2BF00433D59 /* LaunchScreen.storyboard in Resources */,
				81877B881FF6D2BF00433D59 /* Assets.xcassets in Resources */,
				81877B861FF6D2BF00433D59 /* Main.storyboard in Resources */,
			);
			runOnlyForDeploymentPostprocessing = 0;
		};
/* End PBXResourcesBuildPhase section */

/* Begin PBXSourcesBuildPhase section */
		81877B791FF6D2BF00433D59 /* Sources */ = {
			isa = PBXSourcesBuildPhase;
			buildActionMask = 2147483647;
			files = (
				81877B831FF6D2BF00433D59 /* ToDoListViewController.swift in Sources */,
				81877B971FF7B6ED00433D59 /* Item.swift in Sources */,
				81877B811FF6D2BF00433D59 /* AppDelegate.swift in Sources */,
			);
			runOnlyForDeploymentPostprocessing = 0;
		};
/* End PBXSourcesBuildPhase section */

/* Begin PBXVariantGroup section */
		81877B841FF6D2BF00433D59 /* Main.storyboard */ = {
			isa = PBXVariantGroup;
			children = (
				81877B851FF6D2BF00433D59 /* Base */,
			);
			name = Main.storyboard;
			sourceTree = "<group>";
		};
		81877B891FF6D2BF00433D59 /* LaunchScreen.storyboard */ = {
			isa = PBXVariantGroup;
			children = (
				81877B8A1FF6D2BF00433D59 /* Base */,
			);
			name = LaunchScreen.storyboard;
			sourceTree = "<group>";
		};
/* End PBXVariantGroup section */

/* Begin XCBuildConfiguration section */
		81877B8D1FF6D2BF00433D59 /* Debug */ = {
			isa = XCBuildConfiguration;
			buildSettings = {
				ALWAYS_SEARCH_USER_PATHS = NO;
				CLANG_ANALYZER_NONNULL = YES;
				CLANG_ANALYZER_NUMBER_OBJECT_CONVERSION = YES_AGGRESSIVE;
				CLANG_CXX_LANGUAGE_STANDARD = "gnu++14";
				CLANG_CXX_LIBRARY = "libc++";
				CLANG_ENABLE_MODULES = YES;
				CLANG_ENABLE_OBJC_ARC = YES;
				CLANG_WARN_BLOCK_CAPTURE_AUTORELEASING = YES;
				CLANG_WARN_BOOL_CONVERSION = YES;
				CLANG_WARN_COMMA = YES;
				CLANG_WARN_CONSTANT_CONVERSION = YES;
				CLANG_WARN_DIRECT_OBJC_ISA_USAGE = YES_ERROR;
				CLANG_WARN_DOCUMENTATION_COMMENTS = YES;
				CLANG_WARN_EMPTY_BODY = YES;
				CLANG_WARN_ENUM_CONVERSION = YES;
				CLANG_WARN_INFINITE_RECURSION = YES;
				CLANG_WARN_INT_CONVERSION = YES;
				CLANG_WARN_NON_LITERAL_NULL_CONVERSION = YES;
				CLANG_WARN_OBJC_LITERAL_CONVERSION = YES;
				CLANG_WARN_OBJC_ROOT_CLASS = YES_ERROR;
				CLANG_WARN_RANGE_LOOP_ANALYSIS = YES;
				CLANG_WARN_STRICT_PROTOTYPES = YES;
				CLANG_WARN_SUSPICIOUS_MOVE = YES;
				CLANG_WARN_UNGUARDED_AVAILABILITY = YES_AGGRESSIVE;
				CLANG_WARN_UNREACHABLE_CODE = YES;
				CLANG_WARN__DUPLICATE_METHOD_MATCH = YES;
				CODE_SIGN_IDENTITY = "iPhone Developer";
				COPY_PHASE_STRIP = NO;
				DEBUG_INFORMATION_FORMAT = dwarf;
				ENABLE_STRICT_OBJC_MSGSEND = YES;
				ENABLE_TESTABILITY = YES;
				GCC_C_LANGUAGE_STANDARD = gnu11;
				GCC_DYNAMIC_NO_PIC = NO;
				GCC_NO_COMMON_BLOCKS = YES;
				GCC_OPTIMIZATION_LEVEL = 0;
				GCC_PREPROCESSOR_DEFINITIONS = (
					"DEBUG=1",
					"$(inherited)",
				);
				GCC_WARN_64_TO_32_BIT_CONVERSION = YES;
				GCC_WARN_ABOUT_RETURN_TYPE = YES_ERROR;
				GCC_WARN_UNDECLARED_SELECTOR = YES;
				GCC_WARN_UNINITIALIZED_AUTOS = YES_AGGRESSIVE;
				GCC_WARN_UNUSED_FUNCTION = YES;
				GCC_WARN_UNUSED_VARIABLE = YES;
				IPHONEOS_DEPLOYMENT_TARGET = 11.2;
				MTL_ENABLE_DEBUG_INFO = YES;
				ONLY_ACTIVE_ARCH = YES;
				SDKROOT = iphoneos;
				SWIFT_ACTIVE_COMPILATION_CONDITIONS = DEBUG;
				SWIFT_OPTIMIZATION_LEVEL = "-Onone";
			};
			name = Debug;
		};
		81877B8E1FF6D2BF00433D59 /* Release */ = {
			isa = XCBuildConfiguration;
			buildSettings = {
				ALWAYS_SEARCH_USER_PATHS = NO;
				CLANG_ANALYZER_NONNULL = YES;
				CLANG_ANALYZER_NUMBER_OBJECT_CONVERSION = YES_AGGRESSIVE;
				CLANG_CXX_LANGUAGE_STANDARD = "gnu++14";
				CLANG_CXX_LIBRARY = "libc++";
				CLANG_ENABLE_MODULES = YES;
				CLANG_ENABLE_OBJC_ARC = YES;
				CLANG_WARN_BLOCK_CAPTURE_AUTORELEASING = YES;
				CLANG_WARN_BOOL_CONVERSION = YES;
				CLANG_WARN_COMMA = YES;
				CLANG_WARN_CONSTANT_CONVERSION = YES;
				CLANG_WARN_DIRECT_OBJC_ISA_USAGE = YES_ERROR;
				CLANG_WARN_DOCUMENTATION_COMMENTS = YES;
				CLANG_WARN_EMPTY_BODY = YES;
				CLANG_WARN_ENUM_CONVERSION = YES;
				CLANG_WARN_INFINITE_RECURSION = YES;
				CLANG_WARN_INT_CONVERSION = YES;
				CLANG_WARN_NON_LITERAL_NULL_CONVERSION = YES;
				CLANG_WARN_OBJC_LITERAL_CONVERSION = YES;
				CLANG_WARN_OBJC_ROOT_CLASS = YES_ERROR;
				CLANG_WARN_RANGE_LOOP_ANALYSIS = YES;
				CLANG_WARN_STRICT_PROTOTYPES = YES;
				CLANG_WARN_SUSPICIOUS_MOVE = YES;
				CLANG_WARN_UNGUARDED_AVAILABILITY = YES_AGGRESSIVE;
				CLANG_WARN_UNREACHABLE_CODE = YES;
				CLANG_WARN__DUPLICATE_METHOD_MATCH = YES;
				CODE_SIGN_IDENTITY = "iPhone Developer";
				COPY_PHASE_STRIP = NO;
				DEBUG_INFORMATION_FORMAT = "dwarf-with-dsym";
				ENABLE_NS_ASSERTIONS = NO;
				ENABLE_STRICT_OBJC_MSGSEND = YES;
				GCC_C_LANGUAGE_STANDARD = gnu11;
				GCC_NO_COMMON_BLOCKS = YES;
				GCC_WARN_64_TO_32_BIT_CONVERSION = YES;
				GCC_WARN_ABOUT_RETURN_TYPE = YES_ERROR;
				GCC_WARN_UNDECLARED_SELECTOR = YES;
				GCC_WARN_UNINITIALIZED_AUTOS = YES_AGGRESSIVE;
				GCC_WARN_UNUSED_FUNCTION = YES;
				GCC_WARN_UNUSED_VARIABLE = YES;
				IPHONEOS_DEPLOYMENT_TARGET = 11.2;
				MTL_ENABLE_DEBUG_INFO = NO;
				SDKROOT = iphoneos;
				SWIFT_OPTIMIZATION_LEVEL = "-Owholemodule";
				VALIDATE_PRODUCT = YES;
			};
			name = Release;
		};
		81877B901FF6D2BF00433D59 /* Debug */ = {
			isa = XCBuildConfiguration;
			buildSettings = {
				ASSETCATALOG_COMPILER_APPICON_NAME = AppIcon;
				CODE_SIGN_STYLE = Automatic;
				DEVELOPMENT_TEAM = LGQ332B9RB;
				INFOPLIST_FILE = Todoey/Info.plist;
				LD_RUNPATH_SEARCH_PATHS = "$(inherited) @executable_path/Frameworks";
				PRODUCT_BUNDLE_IDENTIFIER = com.codegull.Todoey;
				PRODUCT_NAME = "$(TARGET_NAME)";
				SWIFT_VERSION = 4.0;
				TARGETED_DEVICE_FAMILY = "1,2";
			};
			name = Debug;
		};
		81877B911FF6D2BF00433D59 /* Release */ = {
			isa = XCBuildConfiguration;
			buildSettings = {
				ASSETCATALOG_COMPILER_APPICON_NAME = AppIcon;
				CODE_SIGN_STYLE = Automatic;
				DEVELOPMENT_TEAM = LGQ332B9RB;
				INFOPLIST_FILE = Todoey/Info.plist;
				LD_RUNPATH_SEARCH_PATHS = "$(inherited) @executable_path/Frameworks";
				PRODUCT_BUNDLE_IDENTIFIER = com.codegull.Todoey;
				PRODUCT_NAME = "$(TARGET_NAME)";
				SWIFT_VERSION = 4.0;
				TARGETED_DEVICE_FAMILY = "1,2";
			};
			name = Release;
		};
/* End XCBuildConfiguration section */

/* Begin XCConfigurationList section */
		81877B781FF6D2BF00433D59 /* Build configuration list for PBXProject "Todoey" */ = {
			isa = XCConfigurationList;
			buildConfigurations = (
				81877B8D1FF6D2BF00433D59 /* Debug */,
				81877B8E1FF6D2BF00433D59 /* Release */,
			);
			defaultConfigurationIsVisible = 0;
			defaultConfigurationName = Release;
		};
		81877B8F1FF6D2BF00433D59 /* Build configuration list for PBXNativeTarget "Todoey" */ = {
			isa = XCConfigurationList;
			buildConfigurations = (
				81877B901FF6D2BF00433D59 /* Debug */,
				81877B911FF6D2BF00433D59 /* Release */,
			);
			defaultConfigurationIsVisible = 0;
			defaultConfigurationName = Release;
		};
/* End XCConfigurationList section */
	};
	rootObject = 81877B751FF6D2BF00433D59 /* Project object */;
}
